{
  "name": "grayhaze.live",
  "lockfileVersion": 3,
  "requires": true,
  "packages": {
    "": {
      "dependencies": {
        "@atproto-labs/simple-store": "^0.1.1"
      }
    },
    "node_modules/@atproto-labs/simple-store": {
      "version": "0.1.1",
      "resolved": "https://registry.npmjs.org/@atproto-labs/simple-store/-/simple-store-0.1.1.tgz",
      "integrity": "sha512-WKILW2b3QbAYKh+w5U2x6p5FqqLl0nAeLwGeDY+KjX01K4Dq3vQTR9b/qNp0jZm48CabPQVrqCv0PPU9LgRRRg==",
      "license": "MIT"
    }
  }
}
